
Microsoft Visual Studio Solution File, Format Version 12.00
# Visual Studio Version 16
VisualStudioVersion = 16.0.29326.143
MinimumVisualStudioVersion = 10.0.40219.1
Project("{FAE04EC0-301F-11D3-BF4B-00C04F79EFBC}") = "test2", "test2.csproj", "{019D7849-C58C-47F1-B5BD-1A8069E97CCD}"
EndProject
Global
	GlobalSection(SolutionConfigurationPlatforms) = preSolution
		Debug|Any CPU = Debug|Any CPU
		Release|Any CPU = Release|Any CPU
	EndGlobalSection
	GlobalSection(ProjectConfigurationPlatforms) = postSolution
		{019D7849-C58C-47F1-B5BD-1A8069E97CCD}.Debug|Any CPU.ActiveCfg = Debug|Any CPU
		{019D7849-C58C-47F1-B5BD-1A8069E97CCD}.Debug|Any CPU.Build.0 = Debug|Any CPU
		{019D7849-C58C-47F1-B5BD-1A8069E97CCD}.Release|Any CPU.ActiveCfg = Release|Any CPU
		{019D7849-C58C-47F1-B5BD-1A8069E97CCD}.Release|Any CPU.Build.0 = Release|Any CPU
	EndGlobalSection
	GlobalSection(SolutionProperties) = preSolution
		HideSolutionNode = FALSE
	EndGlobalSection
	GlobalSection(ExtensibilityGlobals) = postSolution
		SolutionGuid = {FB18CA18-C553-433B-B33F-476EFD9126DB}
	EndGlobalSection
EndGlobal
